{
  "originHash" : "fa98a2006f255e5859f293e18d6cb982b1328a24a51c4c63acfd18b855b60d56",
  "pins" : [
    {
      "identity" : "static-libgit2",
      "kind" : "remoteSourceControl",
      "location" : "https://github.com/flaboy/static-libgit2",
      "state" : {
        "revision" : "bc5411efcc0abd9b0e37090ad2a1da12cea2967d",
        "version" : "1.8.5"
      }
    }
  ],
  "version" : 3
}
